
Microsoft Visual Studio Solution File, Format Version 12.00
# Visual Studio Version 17
VisualStudioVersion = 17.9.34622.214
MinimumVisualStudioVersion = 10.0.40219.1
Project("{9A19103F-16F7-4668-BE54-9A1E7A4F7556}") = "MovieListManager", "MovieListManager\MovieListManager.csproj", "{2C0AB6D3-C30B-4D4B-9177-211263A458CC}"
EndProject
Global
	GlobalSection(SolutionConfigurationPlatforms) = preSolution
		Debug|Any CPU = Debug|Any CPU
		Release|Any CPU = Release|Any CPU
	EndGlobalSection
	GlobalSection(ProjectConfigurationPlatforms) = postSolution
		{2C0AB6D3-C30B-4D4B-9177-211263A458CC}.Debug|Any CPU.ActiveCfg = Debug|Any CPU
		{2C0AB6D3-C30B-4D4B-9177-211263A458CC}.Debug|Any CPU.Build.0 = Debug|Any CPU
		{2C0AB6D3-C30B-4D4B-9177-211263A458CC}.Release|Any CPU.ActiveCfg = Release|Any CPU
		{2C0AB6D3-C30B-4D4B-9177-211263A458CC}.Release|Any CPU.Build.0 = Release|Any CPU
	EndGlobalSection
	GlobalSection(SolutionProperties) = preSolution
		HideSolutionNode = FALSE
	EndGlobalSection
	GlobalSection(ExtensibilityGlobals) = postSolution
		SolutionGuid = {A5773553-3BEE-4E9B-8B0A-1342B3F815A8}
	EndGlobalSection
EndGlobal
